{
    "_readme": [
        "This file locks the dependencies of your project to a known state",
        "Read more about it at https://getcomposer.org/doc/01-basic-usage.md#composer-lock-the-lock-file",
        "This file is @generated automatically"
    ],
    "hash": "3408475c6779f2c0b1fc15e7caf32671",
    "content-hash": "b41cbec335ae13f3f6e1ba692c5322d7",
    "packages": [
        {
            "name": "rtconner/freshbooks-api",
            "version": "dev-master",
            "source": {
                "type": "git",
                "url": "https://github.com/rtconner/freshbooks-api.git",
                "reference": "07201bee4729498950a04caefbe9c0ce071242c0"
            },
            "dist": {
                "type": "zip",
                "url": "https://api.github.com/repos/rtconner/freshbooks-api/zipball/07201bee4729498950a04caefbe9c0ce071242c0",
                "reference": "07201bee4729498950a04caefbe9c0ce071242c0",
                "shasum": ""
            },
            "require": {
                "ext-curl": "*",
                "php": ">=5.3.0"
            },
            "type": "library",
            "autoload": {
                "psr-0": {
                    "Freshbooks\\": "src/"
                }
            },
            "notification-url": "https://packagist.org/downloads/",
            "license": [
                "MIT"
            ],
            "authors": [
                {
                    "name": "jboesch",
                    "homepage": "https://github.com/jboesch/FreshBooksRequest-PHP-API"
                },
                {
                    "name": "JasonReading",
                    "homepage": "http://jasonreading.com"
                },
                {
                    "name": "Robert Conner",
                    "homepage": "http://smartersoftware.net"
                }
            ],
            "description": "Wrapper to the FreshBooks API",
            "keywords": [
                "api",
                "freshbooks"
            ],
            "time": "2014-11-23 22:14:47"
        }
    ],
    "packages-dev": [],
    "aliases": [],
    "minimum-stability": "stable",
    "stability-flags": {
        "rtconner/freshbooks-api": 20
    },
    "prefer-stable": false,
    "prefer-lowest": false,
    "platform": [],
    "platform-dev": []
}
